<?xml version="1.0" encoding="utf-8"?>
<Project ToolsVersion="4.0" xmlns="http://schemas.microsoft.com/developer/msbuild/2003">
  <ItemGroup>
    <Filter Include="Sample">
      <UniqueIdentifier>{ae5b866a-2957-4ec7-9b43-8f6d7f96b4e2}</UniqueIdentifier>
    </Filter>
    <Filter Include="Plugin">
      <UniqueIdentifier>{c55a5de6-1898-4c4f-beb5-79e3570e94d6}</UniqueIdentifier>
    </Filter>
  </ItemGroup>
  <ItemGroup>
    <ClCompile Include="RPC3Sample.cpp">
      <Filter>Sample</Filter>
    </ClCompile>
    <ClCompile Include="..\..\DependentExtensions\RPC3\RPC3.cpp">
      <Filter>Plugin</Filter>
    </ClCompile>
  </ItemGroup>
  <ItemGroup>
    <ClInclude Include="..\..\DependentExtensions\RPC3\RPC3.h">
      <Filter>Plugin</Filter>
    </ClInclude>
    <ClInclude Include="..\..\DependentExtensions\RPC3\RPC3_Boost.h">
      <Filter>Plugin</Filter>
    </ClInclude>
  </ItemGroup>
  <ItemGroup>
    <Text Include="readme.txt" />
  </ItemGroup>
</Project>